# This file is automatically @generated by Cargo.
# It is not intended for manual editing.
version = 4

[[package]]
name = "bangbang"
version = "0.1.0"
dependencies = [
 "bangbang-hvf",
]

[[package]]
name = "bangbang-api"
version = "0.1.0"

[[package]]
name = "bangbang-hvf"
version = "0.1.0"
dependencies = [
 "bangbang-runtime",
]

[[package]]
name = "bangbang-runtime"
version = "0.1.0"
